PODS:
  - boost-for-react-native (1.63.0)
  - BVLinearGradient (2.5.6):
    - React
  - DoubleConversion (1.1.6)
  - Firebase/CoreOnly (7.3.0):
    - FirebaseCore (= 7.3.0)
  - Firebase/Messaging (7.3.0):
    - Firebase/CoreOnly
    - FirebaseMessaging (~> 7.3.0)
  - FirebaseCore (7.3.0):
    - FirebaseCoreDiagnostics (~> 7.0)
    - GoogleUtilities/Environment (~> 7.0)
    - GoogleUtilities/Logger (~> 7.0)
  - FirebaseCoreDiagnostics (7.11.0):
    - GoogleDataTransport (~> 8.4)
    - GoogleUtilities/Environment (~> 7.0)
    - GoogleUtilities/Logger (~> 7.0)
    - nanopb (~> 2.30908.0)
  - FirebaseInstallations (7.11.0):
    - FirebaseCore (~> 7.0)
    - GoogleUtilities/Environment (~> 7.0)
    - GoogleUtilities/UserDefaults (~> 7.0)
    - PromisesObjC (~> 1.2)
  - FirebaseInstanceID (7.11.0):
    - FirebaseCore (~> 7.0)
    - FirebaseInstallations (~> 7.0)
    - GoogleUtilities/Environment (~> 7.0)
    - GoogleUtilities/UserDefaults (~> 7.0)
  - FirebaseMessaging (7.3.0):
    - FirebaseCore (~> 7.0)
    - FirebaseInstanceID (~> 7.0)
    - GoogleUtilities/AppDelegateSwizzler (~> 7.0)
    - GoogleUtilities/Environment (~> 7.0)
    - GoogleUtilities/Reachability (~> 7.0)
    - GoogleUtilities/UserDefaults (~> 7.0)
  - Folly (2018.10.22.00):
    - boost-for-react-native
    - DoubleConversion
    - Folly/Default (= 2018.10.22.00)
    - glog
  - Folly/Default (2018.10.22.00):
    - boost-for-react-native
    - DoubleConversion
    - glog
  - glog (0.3.5)
  - Google-Maps-iOS-Utils (2.1.0):
    - Google-Maps-iOS-Utils/Clustering (= 2.1.0)
    - Google-Maps-iOS-Utils/Geometry (= 2.1.0)
    - Google-Maps-iOS-Utils/Heatmap (= 2.1.0)
    - Google-Maps-iOS-Utils/QuadTree (= 2.1.0)
    - GoogleMaps
  - Google-Maps-iOS-Utils/Clustering (2.1.0):
    - Google-Maps-iOS-Utils/QuadTree
    - GoogleMaps
  - Google-Maps-iOS-Utils/Geometry (2.1.0):
    - GoogleMaps
  - Google-Maps-iOS-Utils/Heatmap (2.1.0):
    - Google-Maps-iOS-Utils/QuadTree
    - GoogleMaps
  - Google-Maps-iOS-Utils/QuadTree (2.1.0):
    - GoogleMaps
  - GoogleDataTransport (8.4.0):
    - GoogleUtilities/Environment (~> 7.2)
    - nanopb (~> 2.30908.0)
    - PromisesObjC (~> 1.2)
  - GoogleMaps (3.2.0):
    - GoogleMaps/Maps (= 3.2.0)
  - GoogleMaps/Base (3.2.0)
  - GoogleMaps/Maps (3.2.0):
    - GoogleMaps/Base
  - GoogleUtilities/AppDelegateSwizzler (7.6.0):
    - GoogleUtilities/Environment
    - GoogleUtilities/Logger
    - GoogleUtilities/Network
  - GoogleUtilities/Environment (7.6.0):
    - PromisesObjC (< 3.0, >= 1.2)
  - GoogleUtilities/Logger (7.6.0):
    - GoogleUtilities/Environment
  - GoogleUtilities/Network (7.6.0):
    - GoogleUtilities/Logger
    - "GoogleUtilities/NSData+zlib"
    - GoogleUtilities/Reachability
  - "GoogleUtilities/NSData+zlib (7.6.0)"
  - GoogleUtilities/Reachability (7.6.0):
    - GoogleUtilities/Logger
  - GoogleUtilities/UserDefaults (7.6.0):
    - GoogleUtilities/Logger
  - nanopb (2.30908.0):
    - nanopb/decode (= 2.30908.0)
    - nanopb/encode (= 2.30908.0)
  - nanopb/decode (2.30908.0)
  - nanopb/encode (2.30908.0)
  - PromisesObjC (1.2.12)
  - QBImagePickerController (3.4.0)
  - React (0.60.0):
    - React-Core (= 0.60.0)
    - React-DevSupport (= 0.60.0)
    - React-RCTActionSheet (= 0.60.0)
    - React-RCTAnimation (= 0.60.0)
    - React-RCTBlob (= 0.60.0)
    - React-RCTImage (= 0.60.0)
    - React-RCTLinking (= 0.60.0)
    - React-RCTNetwork (= 0.60.0)
    - React-RCTSettings (= 0.60.0)
    - React-RCTText (= 0.60.0)
    - React-RCTVibration (= 0.60.0)
    - React-RCTWebSocket (= 0.60.0)
  - React-Core (0.60.0):
    - Folly (= 2018.10.22.00)
    - React-cxxreact (= 0.60.0)
    - React-jsiexecutor (= 0.60.0)
    - yoga (= 0.60.0.React)
  - React-cxxreact (0.60.0):
    - boost-for-react-native (= 1.63.0)
    - DoubleConversion
    - Folly (= 2018.10.22.00)
    - glog
    - React-jsinspector (= 0.60.0)
  - React-DevSupport (0.60.0):
    - React-Core (= 0.60.0)
    - React-RCTWebSocket (= 0.60.0)
  - React-fishhook (0.60.0)
  - React-jsi (0.60.0):
    - boost-for-react-native (= 1.63.0)
    - DoubleConversion
    - Folly (= 2018.10.22.00)
    - glog
    - React-jsi/Default (= 0.60.0)
  - React-jsi/Default (0.60.0):
    - boost-for-react-native (= 1.63.0)
    - DoubleConversion
    - Folly (= 2018.10.22.00)
    - glog
  - React-jsiexecutor (0.60.0):
    - DoubleConversion
    - Folly (= 2018.10.22.00)
    - glog
    - React-cxxreact (= 0.60.0)
    - React-jsi (= 0.60.0)
  - React-jsinspector (0.60.0)
  - react-native-geolocation (2.0.2):
    - React
  - react-native-google-maps (0.26.1):
    - Google-Maps-iOS-Utils (= 2.1.0)
    - GoogleMaps (= 3.2.0)
    - React
  - react-native-image-picker (2.3.4):
    - React-Core
  - react-native-maps (0.26.1):
    - React
  - react-native-netinfo (4.3.0):
    - React
  - react-native-sqlite-storage (4.1.0):
    - React
  - react-native-stripe-payments (1.0.5):
    - React
    - Stripe (~> 21.4.0)
  - react-native-webview (7.6.0):
    - React
  - React-RCTActionSheet (0.60.0):
    - React-Core (= 0.60.0)
  - React-RCTAnimation (0.60.0):
    - React-Core (= 0.60.0)
  - React-RCTBlob (0.60.0):
    - React-Core (= 0.60.0)
    - React-RCTNetwork (= 0.60.0)
    - React-RCTWebSocket (= 0.60.0)
  - React-RCTImage (0.60.0):
    - React-Core (= 0.60.0)
    - React-RCTNetwork (= 0.60.0)
  - React-RCTLinking (0.60.0):
    - React-Core (= 0.60.0)
  - React-RCTNetwork (0.60.0):
    - React-Core (= 0.60.0)
  - React-RCTSettings (0.60.0):
    - React-Core (= 0.60.0)
  - React-RCTText (0.60.0):
    - React-Core (= 0.60.0)
  - React-RCTVibration (0.60.0):
    - React-Core (= 0.60.0)
  - React-RCTWebSocket (0.60.0):
    - React-Core (= 0.60.0)
    - React-fishhook (= 0.60.0)
  - ReactNativeCameraKit (1.0.0):
    - React
  - rn-fetch-blob (0.11.2):
    - React-Core
  - RNCAsyncStorage (1.6.2):
    - React
  - RNFBApp (10.4.0):
    - Firebase/CoreOnly (~> 7.3.0)
    - React-Core
  - RNFBMessaging (10.4.0):
    - Firebase/Messaging (~> 7.3.0)
    - React-Core
    - RNFBApp
  - RNFS (2.14.1):
    - React
  - RNGestureHandler (1.6.1):
    - React
  - RNImageCropPicker (0.25.3):
    - QBImagePickerController
    - React-Core
    - React-RCTImage
    - RSKImageCropper
  - RNReanimated (1.2.0):
    - React
  - RNTextGradientView (0.1.7):
    - React
  - RNVectorIcons (6.6.0):
    - React
  - RSKImageCropper (3.0.2)
  - Stripe (21.4.0):
    - Stripe/Stripe3DS2 (= 21.4.0)
  - Stripe/Stripe3DS2 (21.4.0)
  - tipsi-stripe (9.2.0):
    - React
    - Stripe (>= 21.3.1)
  - yoga (0.60.0.React)

DEPENDENCIES:
  - BVLinearGradient (from `../node_modules/react-native-linear-gradient`)
  - DoubleConversion (from `../node_modules/react-native/third-party-podspecs/DoubleConversion.podspec`)
  - Folly (from `../node_modules/react-native/third-party-podspecs/Folly.podspec`)
  - glog (from `../node_modules/react-native/third-party-podspecs/glog.podspec`)
  - Google-Maps-iOS-Utils
  - GoogleMaps
  - React (from `../node_modules/react-native/`)
  - React-Core (from `../node_modules/react-native/React`)
  - React-cxxreact (from `../node_modules/react-native/ReactCommon/cxxreact`)
  - React-DevSupport (from `../node_modules/react-native/React`)
  - React-fishhook (from `../node_modules/react-native/Libraries/fishhook`)
  - React-jsi (from `../node_modules/react-native/ReactCommon/jsi`)
  - React-jsiexecutor (from `../node_modules/react-native/ReactCommon/jsiexecutor`)
  - React-jsinspector (from `../node_modules/react-native/ReactCommon/jsinspector`)
  - "react-native-geolocation (from `../node_modules/@react-native-community/geolocation`)"
  - react-native-google-maps (from `../node_modules/react-native-maps`)
  - react-native-image-picker (from `../node_modules/react-native-image-picker`)
  - react-native-maps (from `../node_modules/react-native-maps`)
  - "react-native-netinfo (from `../node_modules/@react-native-community/netinfo`)"
  - react-native-sqlite-storage (from `../node_modules/react-native-sqlite-storage`)
  - react-native-stripe-payments (from `../node_modules/react-native-stripe-payments`)
  - react-native-webview (from `../node_modules/react-native-webview`)
  - React-RCTActionSheet (from `../node_modules/react-native/Libraries/ActionSheetIOS`)
  - React-RCTAnimation (from `../node_modules/react-native/Libraries/NativeAnimation`)
  - React-RCTBlob (from `../node_modules/react-native/Libraries/Blob`)
  - React-RCTImage (from `../node_modules/react-native/Libraries/Image`)
  - React-RCTLinking (from `../node_modules/react-native/Libraries/LinkingIOS`)
  - React-RCTNetwork (from `../node_modules/react-native/Libraries/Network`)
  - React-RCTSettings (from `../node_modules/react-native/Libraries/Settings`)
  - React-RCTText (from `../node_modules/react-native/Libraries/Text`)
  - React-RCTVibration (from `../node_modules/react-native/Libraries/Vibration`)
  - React-RCTWebSocket (from `../node_modules/react-native/Libraries/WebSocket`)
  - ReactNativeCameraKit (from `../node_modules/react-native-camera-kit`)
  - rn-fetch-blob (from `../node_modules/rn-fetch-blob`)
  - "RNCAsyncStorage (from `../node_modules/@react-native-community/async-storage`)"
  - "RNFBApp (from `../node_modules/@react-native-firebase/app`)"
  - "RNFBMessaging (from `../node_modules/@react-native-firebase/messaging`)"
  - RNFS (from `../node_modules/react-native-fs`)
  - RNGestureHandler (from `../node_modules/react-native-gesture-handler`)
  - RNImageCropPicker (from `../node_modules/react-native-image-crop-picker`)
  - RNReanimated (from `../node_modules/react-native-reanimated`)
  - RNTextGradientView (from `../node_modules/react-native-text-gradient`)
  - RNVectorIcons (from `../node_modules/react-native-vector-icons`)
  - tipsi-stripe (from `../node_modules/tipsi-stripe`)
  - yoga (from `../node_modules/react-native/ReactCommon/yoga`)

SPEC REPOS:
  trunk:
    - boost-for-react-native
    - Firebase
    - FirebaseCore
    - FirebaseCoreDiagnostics
    - FirebaseInstallations
    - FirebaseInstanceID
    - FirebaseMessaging
    - Google-Maps-iOS-Utils
    - GoogleDataTransport
    - GoogleMaps
    - GoogleUtilities
    - nanopb
    - PromisesObjC
    - QBImagePickerController
    - RSKImageCropper
    - Stripe

EXTERNAL SOURCES:
  BVLinearGradient:
    :path: "../node_modules/react-native-linear-gradient"
  DoubleConversion:
    :podspec: "../node_modules/react-native/third-party-podspecs/DoubleConversion.podspec"
  Folly:
    :podspec: "../node_modules/react-native/third-party-podspecs/Folly.podspec"
  glog:
    :podspec: "../node_modules/react-native/third-party-podspecs/glog.podspec"
  React:
    :path: "../node_modules/react-native/"
  React-Core:
    :path: "../node_modules/react-native/React"
  React-cxxreact:
    :path: "../node_modules/react-native/ReactCommon/cxxreact"
  React-DevSupport:
    :path: "../node_modules/react-native/React"
  React-fishhook:
    :path: "../node_modules/react-native/Libraries/fishhook"
  React-jsi:
    :path: "../node_modules/react-native/ReactCommon/jsi"
  React-jsiexecutor:
    :path: "../node_modules/react-native/ReactCommon/jsiexecutor"
  React-jsinspector:
    :path: "../node_modules/react-native/ReactCommon/jsinspector"
  react-native-geolocation:
    :path: "../node_modules/@react-native-community/geolocation"
  react-native-google-maps:
    :path: "../node_modules/react-native-maps"
  react-native-image-picker:
    :path: "../node_modules/react-native-image-picker"
  react-native-maps:
    :path: "../node_modules/react-native-maps"
  react-native-netinfo:
    :path: "../node_modules/@react-native-community/netinfo"
  react-native-sqlite-storage:
    :path: "../node_modules/react-native-sqlite-storage"
  react-native-stripe-payments:
    :path: "../node_modules/react-native-stripe-payments"
  react-native-webview:
    :path: "../node_modules/react-native-webview"
  React-RCTActionSheet:
    :path: "../node_modules/react-native/Libraries/ActionSheetIOS"
  React-RCTAnimation:
    :path: "../node_modules/react-native/Libraries/NativeAnimation"
  React-RCTBlob:
    :path: "../node_modules/react-native/Libraries/Blob"
  React-RCTImage:
    :path: "../node_modules/react-native/Libraries/Image"
  React-RCTLinking:
    :path: "../node_modules/react-native/Libraries/LinkingIOS"
  React-RCTNetwork:
    :path: "../node_modules/react-native/Libraries/Network"
  React-RCTSettings:
    :path: "../node_modules/react-native/Libraries/Settings"
  React-RCTText:
    :path: "../node_modules/react-native/Libraries/Text"
  React-RCTVibration:
    :path: "../node_modules/react-native/Libraries/Vibration"
  React-RCTWebSocket:
    :path: "../node_modules/react-native/Libraries/WebSocket"
  ReactNativeCameraKit:
    :path: "../node_modules/react-native-camera-kit"
  rn-fetch-blob:
    :path: "../node_modules/rn-fetch-blob"
  RNCAsyncStorage:
    :path: "../node_modules/@react-native-community/async-storage"
  RNFBApp:
    :path: "../node_modules/@react-native-firebase/app"
  RNFBMessaging:
    :path: "../node_modules/@react-native-firebase/messaging"
  RNFS:
    :path: "../node_modules/react-native-fs"
  RNGestureHandler:
    :path: "../node_modules/react-native-gesture-handler"
  RNImageCropPicker:
    :path: "../node_modules/react-native-image-crop-picker"
  RNReanimated:
    :path: "../node_modules/react-native-reanimated"
  RNTextGradientView:
    :path: "../node_modules/react-native-text-gradient"
  RNVectorIcons:
    :path: "../node_modules/react-native-vector-icons"
  tipsi-stripe:
    :path: "../node_modules/tipsi-stripe"
  yoga:
    :path: "../node_modules/react-native/ReactCommon/yoga"

SPEC CHECKSUMS:
  boost-for-react-native: 39c7adb57c4e60d6c5479dd8623128eb5b3f0f2c
  BVLinearGradient: e3aad03778a456d77928f594a649e96995f1c872
  DoubleConversion: 5805e889d232975c086db112ece9ed034df7a0b2
  Firebase: 26223c695fe322633274198cb19dca8cb7e54416
  FirebaseCore: 4d3c72622ce0e2106aaa07bb4b2935ba2c370972
  FirebaseCoreDiagnostics: 68ad972f99206cef818230f3f3179d52ccfb7f8c
  FirebaseInstallations: a58d4f72ec5861840b84df489f2668d970df558a
  FirebaseInstanceID: ad5135045a498d7775903efd39762d2cdfa1be27
  FirebaseMessaging: 68d1bcb14880189558a8ae57167abe0b7e417232
  Folly: 30e7936e1c45c08d884aa59369ed951a8e68cf51
  glog: 1f3da668190260b06b429bb211bfbee5cd790c28
  Google-Maps-iOS-Utils: c32891ff472eaaa1fca032beedafa1a013af7875
  GoogleDataTransport: cd9db2180fcecd8da1b561aea31e3e56cf834aa7
  GoogleMaps: 5046d7edfe381c1a0b20fdaf293915a375c3122b
  GoogleUtilities: 684ee790a24f73ebb2d1d966e9711c203f2a4237
  nanopb: a0ba3315591a9ae0a16a309ee504766e90db0c96
  PromisesObjC: 3113f7f76903778cf4a0586bd1ab89329a0b7b97
  QBImagePickerController: d54cf93db6decf26baf6ed3472f336ef35cae022
  React: 4b3c068e793e96672dcd186a2b572fac43e4b031
  React-Core: 3dc86b22920597f813c62a96db3165950b64826b
  React-cxxreact: 0dacb291e59b81e7c3f22a2118bee853ba8a60d2
  React-DevSupport: 4eb4135386acd10c2586cc9c759bf96b4dac035e
  React-fishhook: 86ca737527bb9d860efbb943c11c729a5b69aa3d
  React-jsi: 8e128c4d0d8febc2977ef617d1c09bb54326069c
  React-jsiexecutor: 7a3554f703a58963ec80b860144ea0f0e9b910e1
  React-jsinspector: d4ed52225912efe0019bb7f1a225aec20f23049a
  react-native-geolocation: c956aeb136625c23e0dce0467664af2c437888c9
  react-native-google-maps: 2e2e697dab576abd5809d78cd74e775865b62bf7
  react-native-image-picker: c6d75c4ab2cf46f9289f341242b219cb3c1180d3
  react-native-maps: 6e499eee4eabf422ba8b6f94e993cc768bf35153
  react-native-netinfo: 09681d744eb8a3ca04cb0404fb8c2537f71d3e58
  react-native-sqlite-storage: f06bfba10f67f989c00b6a699b9c2b80a816edbe
  react-native-stripe-payments: 443670353fd2fb77b72019a19030f719d0119714
  react-native-webview: db4682f1698ab4b17a5e88f951031d203ff8aea8
  React-RCTActionSheet: b27ff3cf3a68f917c46d2b94abf938b625b96570
  React-RCTAnimation: 9e4708e5bd65fca8285ce7c0aa076f3f4fa5c2f8
  React-RCTBlob: 6eafcc3a24f33785692a7be24918ade607bc8719
  React-RCTImage: 46b965d7225b428ea11580ead08a4318aef1d6be
  React-RCTLinking: d65b9f56cf0b8e171575a86764df7bb019ac28d6
  React-RCTNetwork: 783ee2f430740e58f724e46adc79fe7feff64202
  React-RCTSettings: aa28315aadfbfaf94206d865673ae509f1e97c07
  React-RCTText: 685fca2e13b024271048e7e247ef24476f28a41e
  React-RCTVibration: 4ee1cf208ab17a50fafb1c16ffe28fe594a64e4f
  React-RCTWebSocket: fca087d583724aa0e5fef7d911f0f2a28d0f2736
  ReactNativeCameraKit: 5026c5884617eab92b096b62262eec2bbf9eb647
  rn-fetch-blob: f525a73a78df9ed5d35e67ea65e79d53c15255bc
  RNCAsyncStorage: 60a80e72d95bf02a01cace55d3697d9724f0d77f
  RNFBApp: a9af8372c9c2b2135ffa78817fd2d8baf3ee632e
  RNFBMessaging: e46490776fcde23b1dee602008a85ac0874c4c0f
  RNFS: a8fbe7060fa49157d819466404794ad9c58e58cf
  RNGestureHandler: 8f09cd560f8d533eb36da5a6c5a843af9f056b38
  RNImageCropPicker: bfb3ea9c8622f290532e2fe63f369e0d5a52f597
  RNReanimated: 1b52415c4302f198cb581282a0166690bad62c43
  RNTextGradientView: 3eb4744303f801546fad35ac47a53cc82257cb25
  RNVectorIcons: 0bb4def82230be1333ddaeee9fcba45f0b288ed4
  RSKImageCropper: 1ac71e9a82e3f41eea3eedfff8eacb0d3821c9ec
  Stripe: 7c594b943abb65cf7bc28e37fd5124e65db3ce9e
  tipsi-stripe: a28177401206e5a469498f4a1e44634d66f79b2b
  yoga: 616fde658be980aa60a2158835170f3f9c2d04b4

PODFILE CHECKSUM: 0af4b6194bc93910777d13c2169090d9af118852

COCOAPODS: 1.11.2
